// !$*UTF8*$!
{
	archiveVersion = 1;
	classes = {
	};
	objectVersion = 56;
	objects = {

/* Begin PBXBuildFile section */
		4D048D812C63D6340026932D /* FullScreenPhotoView.swift in Sources */ = {isa = PBXBuildFile; fileRef = 4D048D802C63D6340026932D /* FullScreenPhotoView.swift */; };
		4D048D8E2C64B91C0026932D /* FullScreenPhotoViewModel.swift in Sources */ = {isa = PBXBuildFile; fileRef = 4D048D8D2C64B91C0026932D /* FullScreenPhotoViewModel.swift */; };
		4D048D9A2C65E0810026932D /* PhotoBottomView.swift in Sources */ = {isa = PBXBuildFile; fileRef = 4D048D992C65E0810026932D /* PhotoBottomView.swift */; };
		4D048D9E2C65EA530026932D /* AlbumTabView.swift in Sources */ = {isa = PBXBuildFile; fileRef = 4D048D9D2C65EA530026932D /* AlbumTabView.swift */; };
		4D048DA02C65EADA0026932D /* FavoritesView.swift in Sources */ = {isa = PBXBuildFile; fileRef = 4D048D9F2C65EADA0026932D /* FavoritesView.swift */; };
		4D048DA42C65EBE80026932D /* MapView.swift in Sources */ = {isa = PBXBuildFile; fileRef = 4D048DA32C65EBE80026932D /* MapView.swift */; };
		4D048DA72C66110A0026932D /* Favorite.xcdatamodeld in Sources */ = {isa = PBXBuildFile; fileRef = 4D048DA52C66110A0026932D /* Favorite.xcdatamodeld */; };
		4D048DC82C6614070026932D /* CoreDataManager.swift in Sources */ = {isa = PBXBuildFile; fileRef = 4D048DC72C6614070026932D /* CoreDataManager.swift */; };
		4D048DCC2C66259E0026932D /* InfoView.swift in Sources */ = {isa = PBXBuildFile; fileRef = 4D048DCB2C66259E0026932D /* InfoView.swift */; };
		4D048DCF2C665C7D0026932D /* FavoriteTypeChange.swift in Sources */ = {isa = PBXBuildFile; fileRef = 4D048DCE2C665C7D0026932D /* FavoriteTypeChange.swift */; };
		4D048DD12C665EB90026932D /* FavoritesViewModel.swift in Sources */ = {isa = PBXBuildFile; fileRef = 4D048DD02C665EB90026932D /* FavoritesViewModel.swift */; };
		4D048DD32C667F580026932D /* PhotoZoomHandler.swift in Sources */ = {isa = PBXBuildFile; fileRef = 4D048DD22C667F580026932D /* PhotoZoomHandler.swift */; };
		4DB2FE052C639E3F00CD67EF /* CustomAlbumApp.swift in Sources */ = {isa = PBXBuildFile; fileRef = 4DB2FE042C639E3F00CD67EF /* CustomAlbumApp.swift */; };
		4DB2FE0B2C639E4000CD67EF /* Assets.xcassets in Resources */ = {isa = PBXBuildFile; fileRef = 4DB2FE0A2C639E4000CD67EF /* Assets.xcassets */; };
		4DB2FE0E2C639E4000CD67EF /* Preview Assets.xcassets in Resources */ = {isa = PBXBuildFile; fileRef = 4DB2FE0D2C639E4000CD67EF /* Preview Assets.xcassets */; };
		4DB2FE152C639F7800CD67EF /* Photo.swift in Sources */ = {isa = PBXBuildFile; fileRef = 4DB2FE142C639F7800CD67EF /* Photo.swift */; };
		4DB2FE1D2C63A03900CD67EF /* PhotoLibraryManager.swift in Sources */ = {isa = PBXBuildFile; fileRef = 4DB2FE1C2C63A03900CD67EF /* PhotoLibraryManager.swift */; };
		4DB2FE1F2C63A37A00CD67EF /* AlbumView.swift in Sources */ = {isa = PBXBuildFile; fileRef = 4DB2FE1E2C63A37A00CD67EF /* AlbumView.swift */; };
		4DB2FE212C63A3B400CD67EF /* PermissionManager.swift in Sources */ = {isa = PBXBuildFile; fileRef = 4DB2FE202C63A3B400CD67EF /* PermissionManager.swift */; };
		4DB2FE232C63A49400CD67EF /* AlbumViewModel.swift in Sources */ = {isa = PBXBuildFile; fileRef = 4DB2FE222C63A49400CD67EF /* AlbumViewModel.swift */; };
		4DB2FE252C63A68300CD67EF /* PhotoGrid.swift in Sources */ = {isa = PBXBuildFile; fileRef = 4DB2FE242C63A68300CD67EF /* PhotoGrid.swift */; };
		4DB2FE272C63AB4600CD67EF /* DateFormatter.swift in Sources */ = {isa = PBXBuildFile; fileRef = 4DB2FE262C63AB4600CD67EF /* DateFormatter.swift */; };
		4DB2FE292C63B07000CD67EF /* PhotoGridItem.swift in Sources */ = {isa = PBXBuildFile; fileRef = 4DB2FE282C63B07000CD67EF /* PhotoGridItem.swift */; };
		4DB2FE2B2C63B20100CD67EF /* DeniedView.swift in Sources */ = {isa = PBXBuildFile; fileRef = 4DB2FE2A2C63B20100CD67EF /* DeniedView.swift */; };
		4DB2FE2D2C63B2CE00CD67EF /* SettingsUtility.swift in Sources */ = {isa = PBXBuildFile; fileRef = 4DB2FE2C2C63B2CE00CD67EF /* SettingsUtility.swift */; };
/* End PBXBuildFile section */

/* Begin PBXFileReference section */
		4D048D802C63D6340026932D /* FullScreenPhotoView.swift */ = {isa = PBXFileReference; lastKnownFileType = sourcecode.swift; path = FullScreenPhotoView.swift; sourceTree = "<group>"; };
		4D048D8D2C64B91C0026932D /* FullScreenPhotoViewModel.swift */ = {isa = PBXFileReference; lastKnownFileType = sourcecode.swift; name = FullScreenPhotoViewModel.swift; path = ../../../../../Documents/FullScreenPhotoViewModel.swift; sourceTree = "<group>"; };
		4D048D992C65E0810026932D /* PhotoBottomView.swift */ = {isa = PBXFileReference; lastKnownFileType = sourcecode.swift; path = PhotoBottomView.swift; sourceTree = "<group>"; };
		4D048D9D2C65EA530026932D /* AlbumTabView.swift */ = {isa = PBXFileReference; lastKnownFileType = sourcecode.swift; path = AlbumTabView.swift; sourceTree = "<group>"; };
		4D048D9F2C65EADA0026932D /* FavoritesView.swift */ = {isa = PBXFileReference; lastKnownFileType = sourcecode.swift; path = FavoritesView.swift; sourceTree = "<group>"; };
		4D048DA32C65EBE80026932D /* MapView.swift */ = {isa = PBXFileReference; lastKnownFileType = sourcecode.swift; path = MapView.swift; sourceTree = "<group>"; };
		4D048DA62C66110A0026932D /* Favorite.xcdatamodel */ = {isa = PBXFileReference; lastKnownFileType = wrapper.xcdatamodel; path = Favorite.xcdatamodel; sourceTree = "<group>"; };
		4D048DC72C6614070026932D /* CoreDataManager.swift */ = {isa = PBXFileReference; lastKnownFileType = sourcecode.swift; path = CoreDataManager.swift; sourceTree = "<group>"; };
		4D048DCB2C66259E0026932D /* InfoView.swift */ = {isa = PBXFileReference; lastKnownFileType = sourcecode.swift; path = InfoView.swift; sourceTree = "<group>"; };
		4D048DCE2C665C7D0026932D /* FavoriteTypeChange.swift */ = {isa = PBXFileReference; lastKnownFileType = sourcecode.swift; path = FavoriteTypeChange.swift; sourceTree = "<group>"; };
		4D048DD02C665EB90026932D /* FavoritesViewModel.swift */ = {isa = PBXFileReference; lastKnownFileType = sourcecode.swift; path = FavoritesViewModel.swift; sourceTree = "<group>"; };
		4D048DD22C667F580026932D /* PhotoZoomHandler.swift */ = {isa = PBXFileReference; lastKnownFileType = sourcecode.swift; path = PhotoZoomHandler.swift; sourceTree = "<group>"; };
		4DB2FE012C639E3F00CD67EF /* CustomAlbum.app */ = {isa = PBXFileReference; explicitFileType = wrapper.application; includeInIndex = 0; path = CustomAlbum.app; sourceTree = BUILT_PRODUCTS_DIR; };
		4DB2FE042C639E3F00CD67EF /* CustomAlbumApp.swift */ = {isa = PBXFileReference; lastKnownFileType = sourcecode.swift; path = CustomAlbumApp.swift; sourceTree = "<group>"; };
		4DB2FE0A2C639E4000CD67EF /* Assets.xcassets */ = {isa = PBXFileReference; lastKnownFileType = folder.assetcatalog; path = Assets.xcassets; sourceTree = "<group>"; };
		4DB2FE0D2C639E4000CD67EF /* Preview Assets.xcassets */ = {isa = PBXFileReference; lastKnownFileType = folder.assetcatalog; path = "Preview Assets.xcassets"; sourceTree = "<group>"; };
		4DB2FE142C639F7800CD67EF /* Photo.swift */ = {isa = PBXFileReference; lastKnownFileType = sourcecode.swift; path = Photo.swift; sourceTree = "<group>"; };
		4DB2FE1C2C63A03900CD67EF /* PhotoLibraryManager.swift */ = {isa = PBXFileReference; lastKnownFileType = sourcecode.swift; path = PhotoLibraryManager.swift; sourceTree = "<group>"; };
		4DB2FE1E2C63A37A00CD67EF /* AlbumView.swift */ = {isa = PBXFileReference; lastKnownFileType = sourcecode.swift; path = AlbumView.swift; sourceTree = "<group>"; };
		4DB2FE202C63A3B400CD67EF /* PermissionManager.swift */ = {isa = PBXFileReference; lastKnownFileType = sourcecode.swift; path = PermissionManager.swift; sourceTree = "<group>"; };
		4DB2FE222C63A49400CD67EF /* AlbumViewModel.swift */ = {isa = PBXFileReference; lastKnownFileType = sourcecode.swift; path = AlbumViewModel.swift; sourceTree = "<group>"; };
		4DB2FE242C63A68300CD67EF /* PhotoGrid.swift */ = {isa = PBXFileReference; lastKnownFileType = sourcecode.swift; path = PhotoGrid.swift; sourceTree = "<group>"; };
		4DB2FE262C63AB4600CD67EF /* DateFormatter.swift */ = {isa = PBXFileReference; lastKnownFileType = sourcecode.swift; path = DateFormatter.swift; sourceTree = "<group>"; };
		4DB2FE282C63B07000CD67EF /* PhotoGridItem.swift */ = {isa = PBXFileReference; lastKnownFileType = sourcecode.swift; path = PhotoGridItem.swift; sourceTree = "<group>"; };
		4DB2FE2A2C63B20100CD67EF /* DeniedView.swift */ = {isa = PBXFileReference; lastKnownFileType = sourcecode.swift; path = DeniedView.swift; sourceTree = "<group>"; };
		4DB2FE2C2C63B2CE00CD67EF /* SettingsUtility.swift */ = {isa = PBXFileReference; lastKnownFileType = sourcecode.swift; path = SettingsUtility.swift; sourceTree = "<group>"; };
/* End PBXFileReference section */

/* Begin PBXFrameworksBuildPhase section */
		4DB2FDFE2C639E3F00CD67EF /* Frameworks */ = {
			isa = PBXFrameworksBuildPhase;
			buildActionMask = 2147483647;
			files = (
			);
			runOnlyForDeploymentPostprocessing = 0;
		};
/* End PBXFrameworksBuildPhase section */

/* Begin PBXGroup section */
		4D048D822C63D6B50026932D /* CoreViews */ = {
			isa = PBXGroup;
			children = (
				4D048D9D2C65EA530026932D /* AlbumTabView.swift */,
				4DB2FE1E2C63A37A00CD67EF /* AlbumView.swift */,
				4D048D802C63D6340026932D /* FullScreenPhotoView.swift */,
				4D048D9F2C65EADA0026932D /* FavoritesView.swift */,
				4D048DA32C65EBE80026932D /* MapView.swift */,
			);
			path = CoreViews;
			sourceTree = "<group>";
		};
		4D048DCD2C66546A0026932D /* Component */ = {
			isa = PBXGroup;
			children = (
				4DB2FE242C63A68300CD67EF /* PhotoGrid.swift */,
				4DB2FE282C63B07000CD67EF /* PhotoGridItem.swift */,
			);
			path = Component;
			sourceTree = "<group>";
		};
		4DB2FDF82C639E3F00CD67EF = {
			isa = PBXGroup;
			children = (
				4DB2FE032C639E3F00CD67EF /* CustomAlbum */,
				4DB2FE022C639E3F00CD67EF /* Products */,
			);
			sourceTree = "<group>";
		};
		4DB2FE022C639E3F00CD67EF /* Products */ = {
			isa = PBXGroup;
			children = (
				4DB2FE012C639E3F00CD67EF /* CustomAlbum.app */,
			);
			name = Products;
			sourceTree = "<group>";
		};
		4DB2FE032C639E3F00CD67EF /* CustomAlbum */ = {
			isa = PBXGroup;
			children = (
				4DB2FE042C639E3F00CD67EF /* CustomAlbumApp.swift */,
				4DB2FE1B2C63A01D00CD67EF /* Managers */,
				4DB2FE162C639FE100CD67EF /* Models */,
				4D048D822C63D6B50026932D /* CoreViews */,
				4DB2FE172C639FE700CD67EF /* Views */,
				4DB2FE182C639FEC00CD67EF /* ViewModels */,
				4D048DCD2C66546A0026932D /* Component */,
				4DB2FE192C639FF300CD67EF /* Utilities */,
				4DB2FE0A2C639E4000CD67EF /* Assets.xcassets */,
				4D048DA52C66110A0026932D /* Favorite.xcdatamodeld */,
				4DB2FE0C2C639E4000CD67EF /* Preview Content */,
			);
			path = CustomAlbum;
			sourceTree = "<group>";
		};
		4DB2FE0C2C639E4000CD67EF /* Preview Content */ = {
			isa = PBXGroup;
			children = (
				4DB2FE0D2C639E4000CD67EF /* Preview Assets.xcassets */,
			);
			path = "Preview Content";
			sourceTree = "<group>";
		};
		4DB2FE162C639FE100CD67EF /* Models */ = {
			isa = PBXGroup;
			children = (
				4DB2FE142C639F7800CD67EF /* Photo.swift */,
			);
			path = Models;
			sourceTree = "<group>";
		};
		4DB2FE172C639FE700CD67EF /* Views */ = {
			isa = PBXGroup;
			children = (
				4D048DCB2C66259E0026932D /* InfoView.swift */,
				4DB2FE2A2C63B20100CD67EF /* DeniedView.swift */,
				4D048D992C65E0810026932D /* PhotoBottomView.swift */,
			);
			path = Views;
			sourceTree = "<group>";
		};
		4DB2FE182C639FEC00CD67EF /* ViewModels */ = {
			isa = PBXGroup;
			children = (
				4DB2FE222C63A49400CD67EF /* AlbumViewModel.swift */,
				4D048D8D2C64B91C0026932D /* FullScreenPhotoViewModel.swift */,
				4D048DD02C665EB90026932D /* FavoritesViewModel.swift */,
			);
			path = ViewModels;
			sourceTree = "<group>";
		};
		4DB2FE192C639FF300CD67EF /* Utilities */ = {
			isa = PBXGroup;
			children = (
				4DB2FE262C63AB4600CD67EF /* DateFormatter.swift */,
				4DB2FE2C2C63B2CE00CD67EF /* SettingsUtility.swift */,
				4D048DD22C667F580026932D /* PhotoZoomHandler.swift */,
				4D048DCE2C665C7D0026932D /* FavoriteTypeChange.swift */,
			);
			path = Utilities;
			sourceTree = "<group>";
		};
		4DB2FE1B2C63A01D00CD67EF /* Managers */ = {
			isa = PBXGroup;
			children = (
				4DB2FE1C2C63A03900CD67EF /* PhotoLibraryManager.swift */,
				4DB2FE202C63A3B400CD67EF /* PermissionManager.swift */,
				4D048DC72C6614070026932D /* CoreDataManager.swift */,
			);
			path = Managers;
			sourceTree = "<group>";
		};
/* End PBXGroup section */

/* Begin PBXNativeTarget section */
		4DB2FE002C639E3F00CD67EF /* CustomAlbum */ = {
			isa = PBXNativeTarget;
			buildConfigurationList = 4DB2FE112C639E4000CD67EF /* Build configuration list for PBXNativeTarget "CustomAlbum" */;
			buildPhases = (
				4DB2FDFD2C639E3F00CD67EF /* Sources */,
				4DB2FDFE2C639E3F00CD67EF /* Frameworks */,
				4DB2FDFF2C639E3F00CD67EF /* Resources */,
			);
			buildRules = (
			);
			dependencies = (
			);
			name = CustomAlbum;
			productName = CustomAlbum;
			productReference = 4DB2FE012C639E3F00CD67EF /* CustomAlbum.app */;
			productType = "com.apple.product-type.application";
		};
/* End PBXNativeTarget section */

/* Begin PBXProject section */
		4DB2FDF92C639E3F00CD67EF /* Project object */ = {
			isa = PBXProject;
			attributes = {
				BuildIndependentTargetsInParallel = 1;
				LastSwiftUpdateCheck = 1540;
				LastUpgradeCheck = 1540;
				TargetAttributes = {
					4DB2FE002C639E3F00CD67EF = {
						CreatedOnToolsVersion = 15.4;
					};
				};
			};
			buildConfigurationList = 4DB2FDFC2C639E3F00CD67EF /* Build configuration list for PBXProject "CustomAlbum" */;
			compatibilityVersion = "Xcode 14.0";
			developmentRegion = en;
			hasScannedForEncodings = 0;
			knownRegions = (
				en,
				Base,
			);
			mainGroup = 4DB2FDF82C639E3F00CD67EF;
			productRefGroup = 4DB2FE022C639E3F00CD67EF /* Products */;
			projectDirPath = "";
			projectRoot = "";
			targets = (
				4DB2FE002C639E3F00CD67EF /* CustomAlbum */,
			);
		};
/* End PBXProject section */

/* Begin PBXResourcesBuildPhase section */
		4DB2FDFF2C639E3F00CD67EF /* Resources */ = {
			isa = PBXResourcesBuildPhase;
			buildActionMask = 2147483647;
			files = (
				4DB2FE0E2C639E4000CD67EF /* Preview Assets.xcassets in Resources */,
				4DB2FE0B2C639E4000CD67EF /* Assets.xcassets in Resources */,
			);
			runOnlyForDeploymentPostprocessing = 0;
		};
/* End PBXResourcesBuildPhase section */

/* Begin PBXSourcesBuildPhase section */
		4DB2FDFD2C639E3F00CD67EF /* Sources */ = {
			isa = PBXSourcesBuildPhase;
			buildActionMask = 2147483647;
			files = (
				4DB2FE272C63AB4600CD67EF /* DateFormatter.swift in Sources */,
				4D048DA72C66110A0026932D /* Favorite.xcdatamodeld in Sources */,
				4DB2FE2D2C63B2CE00CD67EF /* SettingsUtility.swift in Sources */,
				4D048DC82C6614070026932D /* CoreDataManager.swift in Sources */,
				4DB2FE2B2C63B20100CD67EF /* DeniedView.swift in Sources */,
				4D048D9E2C65EA530026932D /* AlbumTabView.swift in Sources */,
				4DB2FE232C63A49400CD67EF /* AlbumViewModel.swift in Sources */,
				4D048D812C63D6340026932D /* FullScreenPhotoView.swift in Sources */,
				4D048DCC2C66259E0026932D /* InfoView.swift in Sources */,
				4DB2FE292C63B07000CD67EF /* PhotoGridItem.swift in Sources */,
				4D048DCF2C665C7D0026932D /* FavoriteTypeChange.swift in Sources */,
				4D048D8E2C64B91C0026932D /* FullScreenPhotoViewModel.swift in Sources */,
				4D048DD12C665EB90026932D /* FavoritesViewModel.swift in Sources */,
				4DB2FE152C639F7800CD67EF /* Photo.swift in Sources */,
				4D048DA42C65EBE80026932D /* MapView.swift in Sources */,
				4DB2FE212C63A3B400CD67EF /* PermissionManager.swift in Sources */,
				4D048DD32C667F580026932D /* PhotoZoomHandler.swift in Sources */,
				4DB2FE052C639E3F00CD67EF /* CustomAlbumApp.swift in Sources */,
				4DB2FE1F2C63A37A00CD67EF /* AlbumView.swift in Sources */,
				4D048DA02C65EADA0026932D /* FavoritesView.swift in Sources */,
				4DB2FE1D2C63A03900CD67EF /* PhotoLibraryManager.swift in Sources */,
				4DB2FE252C63A68300CD67EF /* PhotoGrid.swift in Sources */,
				4D048D9A2C65E0810026932D /* PhotoBottomView.swift in Sources */,
			);
			runOnlyForDeploymentPostprocessing = 0;
		};
/* End PBXSourcesBuildPhase section */

/* Begin XCBuildConfiguration section */
		4DB2FE0F2C639E4000CD67EF /* Debug */ = {
			isa = XCBuildConfiguration;
			buildSettings = {
				ALWAYS_SEARCH_USER_PATHS = NO;
				ASSETCATALOG_COMPILER_GENERATE_SWIFT_ASSET_SYMBOL_EXTENSIONS = YES;
				CLANG_ANALYZER_NONNULL = YES;
				CLANG_ANALYZER_NUMBER_OBJECT_CONVERSION = YES_AGGRESSIVE;
				CLANG_CXX_LANGUAGE_STANDARD = "gnu++20";
				CLANG_ENABLE_MODULES = YES;
				CLANG_ENABLE_OBJC_ARC = YES;
				CLANG_ENABLE_OBJC_WEAK = YES;
				CLANG_WARN_BLOCK_CAPTURE_AUTORELEASING = YES;
				CLANG_WARN_BOOL_CONVERSION = YES;
				CLANG_WARN_COMMA = YES;
				CLANG_WARN_CONSTANT_CONVERSION = YES;
				CLANG_WARN_DEPRECATED_OBJC_IMPLEMENTATIONS = YES;
				CLANG_WARN_DIRECT_OBJC_ISA_USAGE = YES_ERROR;
				CLANG_WARN_DOCUMENTATION_COMMENTS = YES;
				CLANG_WARN_EMPTY_BODY = YES;
				CLANG_WARN_ENUM_CONVERSION = YES;
				CLANG_WARN_INFINITE_RECURSION = YES;
				CLANG_WARN_INT_CONVERSION = YES;
				CLANG_WARN_NON_LITERAL_NULL_CONVERSION = YES;
				CLANG_WARN_OBJC_IMPLICIT_RETAIN_SELF = YES;
				CLANG_WARN_OBJC_LITERAL_CONVERSION = YES;
				CLANG_WARN_OBJC_ROOT_CLASS = YES_ERROR;
				CLANG_WARN_QUOTED_INCLUDE_IN_FRAMEWORK_HEADER = YES;
				CLANG_WARN_RANGE_LOOP_ANALYSIS = YES;
				CLANG_WARN_STRICT_PROTOTYPES = YES;
				CLANG_WARN_SUSPICIOUS_MOVE = YES;
				CLANG_WARN_UNGUARDED_AVAILABILITY = YES_AGGRESSIVE;
				CLANG_WARN_UNREACHABLE_CODE = YES;
				CLANG_WARN__DUPLICATE_METHOD_MATCH = YES;
				COPY_PHASE_STRIP = NO;
				DEBUG_INFORMATION_FORMAT = dwarf;
				ENABLE_STRICT_OBJC_MSGSEND = YES;
				ENABLE_TESTABILITY = YES;
				ENABLE_USER_SCRIPT_SANDBOXING = YES;
				GCC_C_LANGUAGE_STANDARD = gnu17;
				GCC_DYNAMIC_NO_PIC = NO;
				GCC_NO_COMMON_BLOCKS = YES;
				GCC_OPTIMIZATION_LEVEL = 0;
				GCC_PREPROCESSOR_DEFINITIONS = (
					"DEBUG=1",
					"$(inherited)",
				);
				GCC_WARN_64_TO_32_BIT_CONVERSION = YES;
				GCC_WARN_ABOUT_RETURN_TYPE = YES_ERROR;
				GCC_WARN_UNDECLARED_SELECTOR = YES;
				GCC_WARN_UNINITIALIZED_AUTOS = YES_AGGRESSIVE;
				GCC_WARN_UNUSED_FUNCTION = YES;
				GCC_WARN_UNUSED_VARIABLE = YES;
				IPHONEOS_DEPLOYMENT_TARGET = 16.0;
				LOCALIZATION_PREFERS_STRING_CATALOGS = YES;
				MTL_ENABLE_DEBUG_INFO = INCLUDE_SOURCE;
				MTL_FAST_MATH = YES;
				ONLY_ACTIVE_ARCH = YES;
				SDKROOT = iphoneos;
				SWIFT_ACTIVE_COMPILATION_CONDITIONS = "DEBUG $(inherited)";
				SWIFT_OPTIMIZATION_LEVEL = "-Onone";
			};
			name = Debug;
		};
		4DB2FE102C639E4000CD67EF /* Release */ = {
			isa = XCBuildConfiguration;
			buildSettings = {
				ALWAYS_SEARCH_USER_PATHS = NO;
				ASSETCATALOG_COMPILER_GENERATE_SWIFT_ASSET_SYMBOL_EXTENSIONS = YES;
				CLANG_ANALYZER_NONNULL = YES;
				CLANG_ANALYZER_NUMBER_OBJECT_CONVERSION = YES_AGGRESSIVE;
				CLANG_CXX_LANGUAGE_STANDARD = "gnu++20";
				CLANG_ENABLE_MODULES = YES;
				CLANG_ENABLE_OBJC_ARC = YES;
				CLANG_ENABLE_OBJC_WEAK = YES;
				CLANG_WARN_BLOCK_CAPTURE_AUTORELEASING = YES;
				CLANG_WARN_BOOL_CONVERSION = YES;
				CLANG_WARN_COMMA = YES;
				CLANG_WARN_CONSTANT_CONVERSION = YES;
				CLANG_WARN_DEPRECATED_OBJC_IMPLEMENTATIONS = YES;
				CLANG_WARN_DIRECT_OBJC_ISA_USAGE = YES_ERROR;
				CLANG_WARN_DOCUMENTATION_COMMENTS = YES;
				CLANG_WARN_EMPTY_BODY = YES;
				CLANG_WARN_ENUM_CONVERSION = YES;
				CLANG_WARN_INFINITE_RECURSION = YES;
				CLANG_WARN_INT_CONVERSION = YES;
				CLANG_WARN_NON_LITERAL_NULL_CONVERSION = YES;
				CLANG_WARN_OBJC_IMPLICIT_RETAIN_SELF = YES;
				CLANG_WARN_OBJC_LITERAL_CONVERSION = YES;
				CLANG_WARN_OBJC_ROOT_CLASS = YES_ERROR;
				CLANG_WARN_QUOTED_INCLUDE_IN_FRAMEWORK_HEADER = YES;
				CLANG_WARN_RANGE_LOOP_ANALYSIS = YES;
				CLANG_WARN_STRICT_PROTOTYPES = YES;
				CLANG_WARN_SUSPICIOUS_MOVE = YES;
				CLANG_WARN_UNGUARDED_AVAILABILITY = YES_AGGRESSIVE;
				CLANG_WARN_UNREACHABLE_CODE = YES;
				CLANG_WARN__DUPLICATE_METHOD_MATCH = YES;
				COPY_PHASE_STRIP = NO;
				DEBUG_INFORMATION_FORMAT = "dwarf-with-dsym";
				ENABLE_NS_ASSERTIONS = NO;
				ENABLE_STRICT_OBJC_MSGSEND = YES;
				ENABLE_USER_SCRIPT_SANDBOXING = YES;
				GCC_C_LANGUAGE_STANDARD = gnu17;
				GCC_NO_COMMON_BLOCKS = YES;
				GCC_WARN_64_TO_32_BIT_CONVERSION = YES;
				GCC_WARN_ABOUT_RETURN_TYPE = YES_ERROR;
				GCC_WARN_UNDECLARED_SELECTOR = YES;
				GCC_WARN_UNINITIALIZED_AUTOS = YES_AGGRESSIVE;
				GCC_WARN_UNUSED_FUNCTION = YES;
				GCC_WARN_UNUSED_VARIABLE = YES;
				IPHONEOS_DEPLOYMENT_TARGET = 16.0;
				LOCALIZATION_PREFERS_STRING_CATALOGS = YES;
				MTL_ENABLE_DEBUG_INFO = NO;
				MTL_FAST_MATH = YES;
				SDKROOT = iphoneos;
				SWIFT_COMPILATION_MODE = wholemodule;
				VALIDATE_PRODUCT = YES;
			};
			name = Release;
		};
		4DB2FE122C639E4000CD67EF /* Debug */ = {
			isa = XCBuildConfiguration;
			buildSettings = {
				ASSETCATALOG_COMPILER_APPICON_NAME = AppIcon;
				ASSETCATALOG_COMPILER_GLOBAL_ACCENT_COLOR_NAME = AccentColor;
				CODE_SIGN_STYLE = Automatic;
				CURRENT_PROJECT_VERSION = 1;
				DEVELOPMENT_ASSET_PATHS = "\"CustomAlbum/Preview Content\"";
				DEVELOPMENT_TEAM = U68CWSQ94X;
				ENABLE_PREVIEWS = YES;
				GENERATE_INFOPLIST_FILE = YES;
				INFOPLIST_KEY_NSPhotoLibraryUsageDescription = "사진을 표시하기 위해 사진 라이브러리에 접근해야 합니다.";
				INFOPLIST_KEY_UIApplicationSceneManifest_Generation = YES;
				INFOPLIST_KEY_UIApplicationSupportsIndirectInputEvents = YES;
				INFOPLIST_KEY_UILaunchScreen_Generation = YES;
				INFOPLIST_KEY_UISupportedInterfaceOrientations_iPad = "UIInterfaceOrientationPortrait UIInterfaceOrientationPortraitUpsideDown UIInterfaceOrientationLandscapeLeft UIInterfaceOrientationLandscapeRight";
				INFOPLIST_KEY_UISupportedInterfaceOrientations_iPhone = "UIInterfaceOrientationPortrait UIInterfaceOrientationLandscapeLeft UIInterfaceOrientationLandscapeRight";
				IPHONEOS_DEPLOYMENT_TARGET = 16.0;
				LD_RUNPATH_SEARCH_PATHS = (
					"$(inherited)",
					"@executable_path/Frameworks",
				);
				MARKETING_VERSION = 1.0;
				PRODUCT_BUNDLE_IDENTIFIER = Project.CustomAlbum;
				PRODUCT_NAME = "$(TARGET_NAME)";
				SWIFT_EMIT_LOC_STRINGS = YES;
				SWIFT_VERSION = 5.0;
				TARGETED_DEVICE_FAMILY = "1,2";
			};
			name = Debug;
		};
		4DB2FE132C639E4000CD67EF /* Release */ = {
			isa = XCBuildConfiguration;
			buildSettings = {
				ASSETCATALOG_COMPILER_APPICON_NAME = AppIcon;
				ASSETCATALOG_COMPILER_GLOBAL_ACCENT_COLOR_NAME = AccentColor;
				CODE_SIGN_STYLE = Automatic;
				CURRENT_PROJECT_VERSION = 1;
				DEVELOPMENT_ASSET_PATHS = "\"CustomAlbum/Preview Content\"";
				DEVELOPMENT_TEAM = U68CWSQ94X;
				ENABLE_PREVIEWS = YES;
				GENERATE_INFOPLIST_FILE = YES;
				INFOPLIST_KEY_NSPhotoLibraryUsageDescription = "사진을 표시하기 위해 사진 라이브러리에 접근해야 합니다.";
				INFOPLIST_KEY_UIApplicationSceneManifest_Generation = YES;
				INFOPLIST_KEY_UIApplicationSupportsIndirectInputEvents = YES;
				INFOPLIST_KEY_UILaunchScreen_Generation = YES;
				INFOPLIST_KEY_UISupportedInterfaceOrientations_iPad = "UIInterfaceOrientationPortrait UIInterfaceOrientationPortraitUpsideDown UIInterfaceOrientationLandscapeLeft UIInterfaceOrientationLandscapeRight";
				INFOPLIST_KEY_UISupportedInterfaceOrientations_iPhone = "UIInterfaceOrientationPortrait UIInterfaceOrientationLandscapeLeft UIInterfaceOrientationLandscapeRight";
				IPHONEOS_DEPLOYMENT_TARGET = 16.0;
				LD_RUNPATH_SEARCH_PATHS = (
					"$(inherited)",
					"@executable_path/Frameworks",
				);
				MARKETING_VERSION = 1.0;
				PRODUCT_BUNDLE_IDENTIFIER = Project.CustomAlbum;
				PRODUCT_NAME = "$(TARGET_NAME)";
				SWIFT_EMIT_LOC_STRINGS = YES;
				SWIFT_VERSION = 5.0;
				TARGETED_DEVICE_FAMILY = "1,2";
			};
			name = Release;
		};
/* End XCBuildConfiguration section */

/* Begin XCConfigurationList section */
		4DB2FDFC2C639E3F00CD67EF /* Build configuration list for PBXProject "CustomAlbum" */ = {
			isa = XCConfigurationList;
			buildConfigurations = (
				4DB2FE0F2C639E4000CD67EF /* Debug */,
				4DB2FE102C639E4000CD67EF /* Release */,
			);
			defaultConfigurationIsVisible = 0;
			defaultConfigurationName = Release;
		};
		4DB2FE112C639E4000CD67EF /* Build configuration list for PBXNativeTarget "CustomAlbum" */ = {
			isa = XCConfigurationList;
			buildConfigurations = (
				4DB2FE122C639E4000CD67EF /* Debug */,
				4DB2FE132C639E4000CD67EF /* Release */,
			);
			defaultConfigurationIsVisible = 0;
			defaultConfigurationName = Release;
		};
/* End XCConfigurationList section */

/* Begin XCVersionGroup section */
		4D048DA52C66110A0026932D /* Favorite.xcdatamodeld */ = {
			isa = XCVersionGroup;
			children = (
				4D048DA62C66110A0026932D /* Favorite.xcdatamodel */,
			);
			currentVersion = 4D048DA62C66110A0026932D /* Favorite.xcdatamodel */;
			path = Favorite.xcdatamodeld;
			sourceTree = "<group>";
			versionGroupType = wrapper.xcdatamodel;
		};
/* End XCVersionGroup section */
	};
	rootObject = 4DB2FDF92C639E3F00CD67EF /* Project object */;
}
